// !$*UTF8*$!
{
	archiveVersion = 1;
	classes = {
	};
	objectVersion = 46;
	objects = {

/* Begin PBXBuildFile section */
		23571743193D7BB000C890B2 /* Foundation.framework in Frameworks */ = {isa = PBXBuildFile; fileRef = 23571742193D7BB000C890B2 /* Foundation.framework */; };
		23571745193D7BB000C890B2 /* CoreGraphics.framework in Frameworks */ = {isa = PBXBuildFile; fileRef = 23571744193D7BB000C890B2 /* CoreGraphics.framework */; };
		23571747193D7BB000C890B2 /* UIKit.framework in Frameworks */ = {isa = PBXBuildFile; fileRef = 23571746193D7BB000C890B2 /* UIKit.framework */; };
		2357174D193D7BB000C890B2 /* InfoPlist.strings in Resources */ = {isa = PBXBuildFile; fileRef = 2357174B193D7BB000C890B2 /* InfoPlist.strings */; };
		2357174F193D7BB000C890B2 /* main.m in Sources */ = {isa = PBXBuildFile; fileRef = 2357174E193D7BB000C890B2 /* main.m */; };
		23571753193D7BB000C890B2 /* AppDelegate.m in Sources */ = {isa = PBXBuildFile; fileRef = 23571752193D7BB000C890B2 /* AppDelegate.m */; };
		23571756193D7BB000C890B2 /* Main.storyboard in Resources */ = {isa = PBXBuildFile; fileRef = 23571754193D7BB000C890B2 /* Main.storyboard */; };
		23571759193D7BB000C890B2 /* ViewController.m in Sources */ = {isa = PBXBuildFile; fileRef = 23571758193D7BB000C890B2 /* ViewController.m */; };
		2357175B193D7BB000C890B2 /* Images.xcassets in Resources */ = {isa = PBXBuildFile; fileRef = 2357175A193D7BB000C890B2 /* Images.xcassets */; };
		23571762193D7BB000C890B2 /* XCTest.framework in Frameworks */ = {isa = PBXBuildFile; fileRef = 23571761193D7BB000C890B2 /* XCTest.framework */; };
		23571763193D7BB000C890B2 /* Foundation.framework in Frameworks */ = {isa = PBXBuildFile; fileRef = 23571742193D7BB000C890B2 /* Foundation.framework */; };
		23571764193D7BB000C890B2 /* UIKit.framework in Frameworks */ = {isa = PBXBuildFile; fileRef = 23571746193D7BB000C890B2 /* UIKit.framework */; };
		2357176C193D7BB000C890B2 /* InfoPlist.strings in Resources */ = {isa = PBXBuildFile; fileRef = 2357176A193D7BB000C890B2 /* InfoPlist.strings */; };
		2357176E193D7BB000C890B2 /* RecipeAppTests.m in Sources */ = {isa = PBXBuildFile; fileRef = 2357176D193D7BB000C890B2 /* RecipeAppTests.m */; };
/* End PBXBuildFile section */

/* Begin PBXContainerItemProxy section */
		23571765193D7BB000C890B2 /* PBXContainerItemProxy */ = {
			isa = PBXContainerItemProxy;
			containerPortal = 23571737193D7BB000C890B2 /* Project object */;
			proxyType = 1;
			remoteGlobalIDString = 2357173E193D7BB000C890B2;
			remoteInfo = RecipeApp;
		};
/* End PBXContainerItemProxy section */

/* Begin PBXFileReference section */
		2357173F193D7BB000C890B2 /* RecipeApp.app */ = {isa = PBXFileReference; explicitFileType = wrapper.application; includeInIndex = 0; path = RecipeApp.app; sourceTree = BUILT_PRODUCTS_DIR; };
		23571742193D7BB000C890B2 /* Foundation.framework */ = {isa = PBXFileReference; lastKnownFileType = wrapper.framework; name = Foundation.framework; path = System/Library/Frameworks/Foundation.framework; sourceTree = SDKROOT; };
		23571744193D7BB000C890B2 /* CoreGraphics.framework */ = {isa = PBXFileReference; lastKnownFileType = wrapper.framework; name = CoreGraphics.framework; path = System/Library/Frameworks/CoreGraphics.framework; sourceTree = SDKROOT; };
		23571746193D7BB000C890B2 /* UIKit.framework */ = {isa = PBXFileReference; lastKnownFileType = wrapper.framework; name = UIKit.framework; path = System/Library/Frameworks/UIKit.framework; sourceTree = SDKROOT; };
		2357174A193D7BB000C890B2 /* RecipeApp-Info.plist */ = {isa = PBXFileReference; lastKnownFileType = text.plist.xml; path = "RecipeApp-Info.plist"; sourceTree = "<group>"; };
		2357174C193D7BB000C890B2 /* en */ = {isa = PBXFileReference; lastKnownFileType = text.plist.strings; name = en; path = en.lproj/InfoPlist.strings; sourceTree = "<group>"; };
		2357174E193D7BB000C890B2 /* main.m */ = {isa = PBXFileReference; lastKnownFileType = sourcecode.c.objc; path = main.m; sourceTree = "<group>"; };
		23571750193D7BB000C890B2 /* RecipeApp-Prefix.pch */ = {isa = PBXFileReference; lastKnownFileType = sourcecode.c.h; path = "RecipeApp-Prefix.pch"; sourceTree = "<group>"; };
		23571751193D7BB000C890B2 /* AppDelegate.h */ = {isa = PBXFileReference; lastKnownFileType = sourcecode.c.h; path = AppDelegate.h; sourceTree = "<group>"; };
		23571752193D7BB000C890B2 /* AppDelegate.m */ = {isa = PBXFileReference; lastKnownFileType = sourcecode.c.objc; path = AppDelegate.m; sourceTree = "<group>"; };
		23571755193D7BB000C890B2 /* Base */ = {isa = PBXFileReference; lastKnownFileType = file.storyboard; name = Base; path = Base.lproj/Main.storyboard; sourceTree = "<group>"; };
		23571757193D7BB000C890B2 /* ViewController.h */ = {isa = PBXFileReference; lastKnownFileType = sourcecode.c.h; path = ViewController.h; sourceTree = "<group>"; };
		23571758193D7BB000C890B2 /* ViewController.m */ = {isa = PBXFileReference; lastKnownFileType = sourcecode.c.objc; path = ViewController.m; sourceTree = "<group>"; };
		2357175A193D7BB000C890B2 /* Images.xcassets */ = {isa = PBXFileReference; lastKnownFileType = folder.assetcatalog; path = Images.xcassets; sourceTree = "<group>"; };
		23571760193D7BB000C890B2 /* RecipeAppTests.xctest */ = {isa = PBXFileReference; explicitFileType = wrapper.cfbundle; includeInIndex = 0; path = RecipeAppTests.xctest; sourceTree = BUILT_PRODUCTS_DIR; };
		23571761193D7BB000C890B2 /* XCTest.framework */ = {isa = PBXFileReference; lastKnownFileType = wrapper.framework; name = XCTest.framework; path = Library/Frameworks/XCTest.framework; sourceTree = DEVELOPER_DIR; };
		23571769193D7BB000C890B2 /* RecipeAppTests-Info.plist */ = {isa = PBXFileReference; lastKnownFileType = text.plist.xml; path = "RecipeAppTests-Info.plist"; sourceTree = "<group>"; };
		2357176B193D7BB000C890B2 /* en */ = {isa = PBXFileReference; lastKnownFileType = text.plist.strings; name = en; path = en.lproj/InfoPlist.strings; sourceTree = "<group>"; };
		2357176D193D7BB000C890B2 /* RecipeAppTests.m */ = {isa = PBXFileReference; lastKnownFileType = sourcecode.c.objc; path = RecipeAppTests.m; sourceTree = "<group>"; };
/* End PBXFileReference section */

/* Begin PBXFrameworksBuildPhase section */
		2357173C193D7BB000C890B2 /* Frameworks */ = {
			isa = PBXFrameworksBuildPhase;
			buildActionMask = 2147483647;
			files = (
				23571745193D7BB000C890B2 /* CoreGraphics.framework in Frameworks */,
				23571747193D7BB000C890B2 /* UIKit.framework in Frameworks */,
				23571743193D7BB000C890B2 /* Foundation.framework in Frameworks */,
			);
			runOnlyForDeploymentPostprocessing = 0;
		};
		2357175D193D7BB000C890B2 /* Frameworks */ = {
			isa = PBXFrameworksBuildPhase;
			buildActionMask = 2147483647;
			files = (
				23571762193D7BB000C890B2 /* XCTest.framework in Frameworks */,
				23571764193D7BB000C890B2 /* UIKit.framework in Frameworks */,
				23571763193D7BB000C890B2 /* Foundation.framework in Frameworks */,
			);
			runOnlyForDeploymentPostprocessing = 0;
		};
/* End PBXFrameworksBuildPhase section */

/* Begin PBXGroup section */
		23571736193D7BB000C890B2 = {
			isa = PBXGroup;
			children = (
				23571748193D7BB000C890B2 /* RecipeApp */,
				23571767193D7BB000C890B2 /* RecipeAppTests */,
				23571741193D7BB000C890B2 /* Frameworks */,
				23571740193D7BB000C890B2 /* Products */,
			);
			sourceTree = "<group>";
		};
		23571740193D7BB000C890B2 /* Products */ = {
			isa = PBXGroup;
			children = (
				2357173F193D7BB000C890B2 /* RecipeApp.app */,
				23571760193D7BB000C890B2 /* RecipeAppTests.xctest */,
			);
			name = Products;
			sourceTree = "<group>";
		};
		23571741193D7BB000C890B2 /* Frameworks */ = {
			isa = PBXGroup;
			children = (
				23571742193D7BB000C890B2 /* Foundation.framework */,
				23571744193D7BB000C890B2 /* CoreGraphics.framework */,
				23571746193D7BB000C890B2 /* UIKit.framework */,
				23571761193D7BB000C890B2 /* XCTest.framework */,
			);
			name = Frameworks;
			sourceTree = "<group>";
		};
		23571748193D7BB000C890B2 /* RecipeApp */ = {
			isa = PBXGroup;
			children = (
				23571751193D7BB000C890B2 /* AppDelegate.h */,
				23571752193D7BB000C890B2 /* AppDelegate.m */,
				23571754193D7BB000C890B2 /* Main.storyboard */,
				23571757193D7BB000C890B2 /* ViewController.h */,
				23571758193D7BB000C890B2 /* ViewController.m */,
				2357175A193D7BB000C890B2 /* Images.xcassets */,
				23571749193D7BB000C890B2 /* Supporting Files */,
			);
			path = RecipeApp;
			sourceTree = "<group>";
		};
		23571749193D7BB000C890B2 /* Supporting Files */ = {
			isa = PBXGroup;
			children = (
				2357174A193D7BB000C890B2 /* RecipeApp-Info.plist */,
				2357174B193D7BB000C890B2 /* InfoPlist.strings */,
				2357174E193D7BB000C890B2 /* main.m */,
				23571750193D7BB000C890B2 /* RecipeApp-Prefix.pch */,
			);
			name = "Supporting Files";
			sourceTree = "<group>";
		};
		23571767193D7BB000C890B2 /* RecipeAppTests */ = {
			isa = PBXGroup;
			children = (
				2357176D193D7BB000C890B2 /* RecipeAppTests.m */,
				23571768193D7BB000C890B2 /* Supporting Files */,
			);
			path = RecipeAppTests;
			sourceTree = "<group>";
		};
		23571768193D7BB000C890B2 /* Supporting Files */ = {
			isa = PBXGroup;
			children = (
				23571769193D7BB000C890B2 /* RecipeAppTests-Info.plist */,
				2357176A193D7BB000C890B2 /* InfoPlist.strings */,
			);
			name = "Supporting Files";
			sourceTree = "<group>";
		};
/* End PBXGroup section */

/* Begin PBXNativeTarget section */
		2357173E193D7BB000C890B2 /* RecipeApp */ = {
			isa = PBXNativeTarget;
			buildConfigurationList = 23571771193D7BB000C890B2 /* Build configuration list for PBXNativeTarget "RecipeApp" */;
			buildPhases = (
				2357173B193D7BB000C890B2 /* Sources */,
				2357173C193D7BB000C890B2 /* Frameworks */,
				2357173D193D7BB000C890B2 /* Resources */,
			);
			buildRules = (
			);
			dependencies = (
			);
			name = RecipeApp;
			productName = RecipeApp;
			productReference = 2357173F193D7BB000C890B2 /* RecipeApp.app */;
			productType = "com.apple.product-type.application";
		};
		2357175F193D7BB000C890B2 /* RecipeAppTests */ = {
			isa = PBXNativeTarget;
			buildConfigurationList = 23571774193D7BB000C890B2 /* Build configuration list for PBXNativeTarget "RecipeAppTests" */;
			buildPhases = (
				2357175C193D7BB000C890B2 /* Sources */,
				2357175D193D7BB000C890B2 /* Frameworks */,
				2357175E193D7BB000C890B2 /* Resources */,
			);
			buildRules = (
			);
			dependencies = (
				23571766193D7BB000C890B2 /* PBXTargetDependency */,
			);
			name = RecipeAppTests;
			productName = RecipeAppTests;
			productReference = 23571760193D7BB000C890B2 /* RecipeAppTests.xctest */;
			productType = "com.apple.product-type.bundle.unit-test";
		};
/* End PBXNativeTarget section */

/* Begin PBXProject section */
		23571737193D7BB000C890B2 /* Project object */ = {
			isa = PBXProject;
			attributes = {
				LastUpgradeCheck = 0510;
				ORGANIZATIONNAME = "Emilien Sanchez";
				TargetAttributes = {
					2357175F193D7BB000C890B2 = {
						TestTargetID = 2357173E193D7BB000C890B2;
					};
				};
			};
			buildConfigurationList = 2357173A193D7BB000C890B2 /* Build configuration list for PBXProject "RecipeApp" */;
			compatibilityVersion = "Xcode 3.2";
			developmentRegion = English;
			hasScannedForEncodings = 0;
			knownRegions = (
				en,
				Base,
			);
			mainGroup = 23571736193D7BB000C890B2;
			productRefGroup = 23571740193D7BB000C890B2 /* Products */;
			projectDirPath = "";
			projectRoot = "";
			targets = (
				2357173E193D7BB000C890B2 /* RecipeApp */,
				2357175F193D7BB000C890B2 /* RecipeAppTests */,
			);
		};
/* End PBXProject section */

/* Begin PBXResourcesBuildPhase section */
		2357173D193D7BB000C890B2 /* Resources */ = {
			isa = PBXResourcesBuildPhase;
			buildActionMask = 2147483647;
			files = (
				2357175B193D7BB000C890B2 /* Images.xcassets in Resources */,
				2357174D193D7BB000C890B2 /* InfoPlist.strings in Resources */,
				23571756193D7BB000C890B2 /* Main.storyboard in Resources */,
			);
			runOnlyForDeploymentPostprocessing = 0;
		};
		2357175E193D7BB000C890B2 /* Resources */ = {
			isa = PBXResourcesBuildPhase;
			buildActionMask = 2147483647;
			files = (
				2357176C193D7BB000C890B2 /* InfoPlist.strings in Resources */,
			);
			runOnlyForDeploymentPostprocessing = 0;
		};
/* End PBXResourcesBuildPhase section */

/* Begin PBXSourcesBuildPhase section */
		2357173B193D7BB000C890B2 /* Sources */ = {
			isa = PBXSourcesBuildPhase;
			buildActionMask = 2147483647;
			files = (
				23571759193D7BB000C890B2 /* ViewController.m in Sources */,
				23571753193D7BB000C890B2 /* AppDelegate.m in Sources */,
				2357174F193D7BB000C890B2 /* main.m in Sources */,
			);
			runOnlyForDeploymentPostprocessing = 0;
		};
		2357175C193D7BB000C890B2 /* Sources */ = {
			isa = PBXSourcesBuildPhase;
			buildActionMask = 2147483647;
			files = (
				2357176E193D7BB000C890B2 /* RecipeAppTests.m in Sources */,
			);
			runOnlyForDeploymentPostprocessing = 0;
		};
/* End PBXSourcesBuildPhase section */

/* Begin PBXTargetDependency section */
		23571766193D7BB000C890B2 /* PBXTargetDependency */ = {
			isa = PBXTargetDependency;
			target = 2357173E193D7BB000C890B2 /* RecipeApp */;
			targetProxy = 23571765193D7BB000C890B2 /* PBXContainerItemProxy */;
		};
/* End PBXTargetDependency section */

/* Begin PBXVariantGroup section */
		2357174B193D7BB000C890B2 /* InfoPlist.strings */ = {
			isa = PBXVariantGroup;
			children = (
				2357174C193D7BB000C890B2 /* en */,
			);
			name = InfoPlist.strings;
			sourceTree = "<group>";
		};
		23571754193D7BB000C890B2 /* Main.storyboard */ = {
			isa = PBXVariantGroup;
			children = (
				23571755193D7BB000C890B2 /* Base */,
			);
			name = Main.storyboard;
			sourceTree = "<group>";
		};
		2357176A193D7BB000C890B2 /* InfoPlist.strings */ = {
			isa = PBXVariantGroup;
			children = (
				2357176B193D7BB000C890B2 /* en */,
			);
			name = InfoPlist.strings;
			sourceTree = "<group>";
		};
/* End PBXVariantGroup section */

/* Begin XCBuildConfiguration section */
		2357176F193D7BB000C890B2 /* Debug */ = {
			isa = XCBuildConfiguration;
			buildSettings = {
				ALWAYS_SEARCH_USER_PATHS = NO;
				CLANG_CXX_LANGUAGE_STANDARD = "gnu++0x";
				CLANG_CXX_LIBRARY = "libc++";
				CLANG_ENABLE_MODULES = YES;
				CLANG_ENABLE_OBJC_ARC = YES;
				CLANG_WARN_BOOL_CONVERSION = YES;
				CLANG_WARN_CONSTANT_CONVERSION = YES;
				CLANG_WARN_DIRECT_OBJC_ISA_USAGE = YES_ERROR;
				CLANG_WARN_EMPTY_BODY = YES;
				CLANG_WARN_ENUM_CONVERSION = YES;
				CLANG_WARN_INT_CONVERSION = YES;
				CLANG_WARN_OBJC_ROOT_CLASS = YES_ERROR;
				CLANG_WARN__DUPLICATE_METHOD_MATCH = YES;
				"CODE_SIGN_IDENTITY[sdk=iphoneos*]" = "iPhone Developer";
				COPY_PHASE_STRIP = NO;
				GCC_C_LANGUAGE_STANDARD = gnu99;
				GCC_DYNAMIC_NO_PIC = NO;
				GCC_OPTIMIZATION_LEVEL = 0;
				GCC_PREPROCESSOR_DEFINITIONS = (
					"DEBUG=1",
					"$(inherited)",
				);
				GCC_SYMBOLS_PRIVATE_EXTERN = NO;
				GCC_WARN_64_TO_32_BIT_CONVERSION = YES;
				GCC_WARN_ABOUT_RETURN_TYPE = YES_ERROR;
				GCC_WARN_UNDECLARED_SELECTOR = YES;
				GCC_WARN_UNINITIALIZED_AUTOS = YES_AGGRESSIVE;
				GCC_WARN_UNUSED_FUNCTION = YES;
				GCC_WARN_UNUSED_VARIABLE = YES;
				IPHONEOS_DEPLOYMENT_TARGET = 7.1;
				ONLY_ACTIVE_ARCH = YES;
				SDKROOT = iphoneos;
			};
			name = Debug;
		};
		23571770193D7BB000C890B2 /* Release */ = {
			isa = XCBuildConfiguration;
			buildSettings = {
				ALWAYS_SEARCH_USER_PATHS = NO;
				CLANG_CXX_LANGUAGE_STANDARD = "gnu++0x";
				CLANG_CXX_LIBRARY = "libc++";
				CLANG_ENABLE_MODULES = YES;
				CLANG_ENABLE_OBJC_ARC = YES;
				CLANG_WARN_BOOL_CONVERSION = YES;
				CLANG_WARN_CONSTANT_CONVERSION = YES;
				CLANG_WARN_DIRECT_OBJC_ISA_USAGE = YES_ERROR;
				CLANG_WARN_EMPTY_BODY = YES;
				CLANG_WARN_ENUM_CONVERSION = YES;
				CLANG_WARN_INT_CONVERSION = YES;
				CLANG_WARN_OBJC_ROOT_CLASS = YES_ERROR;
				CLANG_WARN__DUPLICATE_METHOD_MATCH = YES;
				"CODE_SIGN_IDENTITY[sdk=iphoneos*]" = "iPhone Developer";
				COPY_PHASE_STRIP = YES;
				ENABLE_NS_ASSERTIONS = NO;
				GCC_C_LANGUAGE_STANDARD = gnu99;
				GCC_WARN_64_TO_32_BIT_CONVERSION = YES;
				GCC_WARN_ABOUT_RETURN_TYPE = YES_ERROR;
				GCC_WARN_UNDECLARED_SELECTOR = YES;
				GCC_WARN_UNINITIALIZED_AUTOS = YES_AGGRESSIVE;
				GCC_WARN_UNUSED_FUNCTION = YES;
				GCC_WARN_UNUSED_VARIABLE = YES;
				IPHONEOS_DEPLOYMENT_TARGET = 7.1;
				SDKROOT = iphoneos;
				VALIDATE_PRODUCT = YES;
			};
			name = Release;
		};
		23571772193D7BB000C890B2 /* Debug */ = {
			isa = XCBuildConfiguration;
			buildSettings = {
				ASSETCATALOG_COMPILER_APPICON_NAME = AppIcon;
				ASSETCATALOG_COMPILER_LAUNCHIMAGE_NAME = LaunchImage;
				GCC_PRECOMPILE_PREFIX_HEADER = YES;
				GCC_PREFIX_HEADER = "RecipeApp/RecipeApp-Prefix.pch";
				INFOPLIST_FILE = "RecipeApp/RecipeApp-Info.plist";
				PRODUCT_NAME = "$(TARGET_NAME)";
				WRAPPER_EXTENSION = app;
			};
			name = Debug;
		};
		23571773193D7BB000C890B2 /* Release */ = {
			isa = XCBuildConfiguration;
			buildSettings = {
				ASSETCATALOG_COMPILER_APPICON_NAME = AppIcon;
				ASSETCATALOG_COMPILER_LAUNCHIMAGE_NAME = LaunchImage;
				GCC_PRECOMPILE_PREFIX_HEADER = YES;
				GCC_PREFIX_HEADER = "RecipeApp/RecipeApp-Prefix.pch";
				INFOPLIST_FILE = "RecipeApp/RecipeApp-Info.plist";
				PRODUCT_NAME = "$(TARGET_NAME)";
				WRAPPER_EXTENSION = app;
			};
			name = Release;
		};
		23571775193D7BB000C890B2 /* Debug */ = {
			isa = XCBuildConfiguration;
			buildSettings = {
				BUNDLE_LOADER = "$(BUILT_PRODUCTS_DIR)/RecipeApp.app/RecipeApp";
				FRAMEWORK_SEARCH_PATHS = (
					"$(SDKROOT)/Developer/Library/Frameworks",
					"$(inherited)",
					"$(DEVELOPER_FRAMEWORKS_DIR)",
				);
				GCC_PRECOMPILE_PREFIX_HEADER = YES;
				GCC_PREFIX_HEADER = "RecipeApp/RecipeApp-Prefix.pch";
				GCC_PREPROCESSOR_DEFINITIONS = (
					"DEBUG=1",
					"$(inherited)",
				);
				INFOPLIST_FILE = "RecipeAppTests/RecipeAppTests-Info.plist";
				PRODUCT_NAME = "$(TARGET_NAME)";
				TEST_HOST = "$(BUNDLE_LOADER)";
				WRAPPER_EXTENSION = xctest;
			};
			name = Debug;
		};
		23571776193D7BB000C890B2 /* Release */ = {
			isa = XCBuildConfiguration;
			buildSettings = {
				BUNDLE_LOADER = "$(BUILT_PRODUCTS_DIR)/RecipeApp.app/RecipeApp";
				FRAMEWORK_SEARCH_PATHS = (
					"$(SDKROOT)/Developer/Library/Frameworks",
					"$(inherited)",
					"$(DEVELOPER_FRAMEWORKS_DIR)",
				);
				GCC_PRECOMPILE_PREFIX_HEADER = YES;
				GCC_PREFIX_HEADER = "RecipeApp/RecipeApp-Prefix.pch";
				INFOPLIST_FILE = "RecipeAppTests/RecipeAppTests-Info.plist";
				PRODUCT_NAME = "$(TARGET_NAME)";
				TEST_HOST = "$(BUNDLE_LOADER)";
				WRAPPER_EXTENSION = xctest;
			};
			name = Release;
		};
/* End XCBuildConfiguration section */

/* Begin XCConfigurationList section */
		2357173A193D7BB000C890B2 /* Build configuration list for PBXProject "RecipeApp" */ = {
			isa = XCConfigurationList;
			buildConfigurations = (
				2357176F193D7BB000C890B2 /* Debug */,
				23571770193D7BB000C890B2 /* Release */,
			);
			defaultConfigurationIsVisible = 0;
			defaultConfigurationName = Release;
		};
		23571771193D7BB000C890B2 /* Build configuration list for PBXNativeTarget "RecipeApp" */ = {
			isa = XCConfigurationList;
			buildConfigurations = (
				23571772193D7BB000C890B2 /* Debug */,
				23571773193D7BB000C890B2 /* Release */,
			);
			defaultConfigurationIsVisible = 0;
		};
		23571774193D7BB000C890B2 /* Build configuration list for PBXNativeTarget "RecipeAppTests" */ = {
			isa = XCConfigurationList;
			buildConfigurations = (
				23571775193D7BB000C890B2 /* Debug */,
				23571776193D7BB000C890B2 /* Release */,
			);
			defaultConfigurationIsVisible = 0;
		};
/* End XCConfigurationList section */
	};
	rootObject = 23571737193D7BB000C890B2 /* Project object */;
}
