// !$*UTF8*$!
{
	archiveVersion = 1;
	classes = {
	};
	objectVersion = 46;
	objects = {

/* Begin PBXBuildFile section */
		23571743193D7BB000C890B2 /* Foundation.framework in Frameworks */ = {isa = PBXBuildFile; fileRef = 23571742193D7BB000C890B2 /* Foundation.framework */; };
		23571745193D7BB000C890B2 /* CoreGraphics.framework in Frameworks */ = {isa = PBXBuildFile; fileRef = 23571744193D7BB000C890B2 /* CoreGraphics.framework */; };
		23571747193D7BB000C890B2 /* UIKit.framework in Frameworks */ = {isa = PBXBuildFile; fileRef = 23571746193D7BB000C890B2 /* UIKit.framework */; };
		2357174D193D7BB000C890B2 /* InfoPlist.strings in Resources */ = {isa = PBXBuildFile; fileRef = 2357174B193D7BB000C890B2 /* InfoPlist.strings */; };
		2357174F193D7BB000C890B2 /* main.m in Sources */ = {isa = PBXBuildFile; fileRef = 2357174E193D7BB000C890B2 /* main.m */; };
		23571753193D7BB000C890B2 /* AppDelegate.m in Sources */ = {isa = PBXBuildFile; fileRef = 23571752193D7BB000C890B2 /* AppDelegate.m */; };
		23571756193D7BB000C890B2 /* Main.storyboard in Resources */ = {isa = PBXBuildFile; fileRef = 23571754193D7BB000C890B2 /* Main.storyboard */; };
		2357175B193D7BB000C890B2 /* Images.xcassets in Resources */ = {isa = PBXBuildFile; fileRef = 2357175A193D7BB000C890B2 /* Images.xcassets */; };
		23571762193D7BB000C890B2 /* XCTest.framework in Frameworks */ = {isa = PBXBuildFile; fileRef = 23571761193D7BB000C890B2 /* XCTest.framework */; };
		23571763193D7BB000C890B2 /* Foundation.framework in Frameworks */ = {isa = PBXBuildFile; fileRef = 23571742193D7BB000C890B2 /* Foundation.framework */; };
		23571764193D7BB000C890B2 /* UIKit.framework in Frameworks */ = {isa = PBXBuildFile; fileRef = 23571746193D7BB000C890B2 /* UIKit.framework */; };
		2357176C193D7BB000C890B2 /* InfoPlist.strings in Resources */ = {isa = PBXBuildFile; fileRef = 2357176A193D7BB000C890B2 /* InfoPlist.strings */; };
		2357176E193D7BB000C890B2 /* RecipeAppTests.m in Sources */ = {isa = PBXBuildFile; fileRef = 2357176D193D7BB000C890B2 /* RecipeAppTests.m */; };
		23571778193D7D2D00C890B2 /* AVFoundation.framework in Frameworks */ = {isa = PBXBuildFile; fileRef = 23571777193D7D2D00C890B2 /* AVFoundation.framework */; };
		2357177D193D7ECF00C890B2 /* homeViewController.m in Sources */ = {isa = PBXBuildFile; fileRef = 2357177C193D7ECF00C890B2 /* homeViewController.m */; };
		23571783193EA1D100C890B2 /* AcousticModelEnglish.bundle in Resources */ = {isa = PBXBuildFile; fileRef = 2357177F193EA1D100C890B2 /* AcousticModelEnglish.bundle */; };
		23571784193EA1D100C890B2 /* AcousticModelSpanish.bundle in Resources */ = {isa = PBXBuildFile; fileRef = 23571780193EA1D100C890B2 /* AcousticModelSpanish.bundle */; };
		23571785193EA1D100C890B2 /* OpenEars.framework in Frameworks */ = {isa = PBXBuildFile; fileRef = 23571781193EA1D100C890B2 /* OpenEars.framework */; };
		23571786193EA1D100C890B2 /* Slt.framework in Frameworks */ = {isa = PBXBuildFile; fileRef = 23571782193EA1D100C890B2 /* Slt.framework */; };
		23571788193EA1E200C890B2 /* AudioToolbox.framework in Frameworks */ = {isa = PBXBuildFile; fileRef = 23571787193EA1E200C890B2 /* AudioToolbox.framework */; };
		23A8ED4B19625A2200FCB3F8 /* TutoViewController.m in Sources */ = {isa = PBXBuildFile; fileRef = 23A8ED4A19625A2200FCB3F8 /* TutoViewController.m */; };
		23A8ED4E19625A4E00FCB3F8 /* PageContentViewController.m in Sources */ = {isa = PBXBuildFile; fileRef = 23A8ED4D19625A4D00FCB3F8 /* PageContentViewController.m */; };
		23A8ED5219625BC000FCB3F8 /* P1@2x.png in Resources */ = {isa = PBXBuildFile; fileRef = 23A8ED4F19625BC000FCB3F8 /* P1@2x.png */; };
		23A8ED5319625BC000FCB3F8 /* P2@2x.png in Resources */ = {isa = PBXBuildFile; fileRef = 23A8ED5019625BC000FCB3F8 /* P2@2x.png */; };
		23A8ED5419625BC000FCB3F8 /* P3@2x.png in Resources */ = {isa = PBXBuildFile; fileRef = 23A8ED5119625BC000FCB3F8 /* P3@2x.png */; };
		23A96D901949179600309369 /* MediaPlayer.framework in Frameworks */ = {isa = PBXBuildFile; fileRef = 23A96D8F1949179600309369 /* MediaPlayer.framework */; };
		23A96D92194951D300309369 /* rss.png in Resources */ = {isa = PBXBuildFile; fileRef = 23A96D91194951D300309369 /* rss.png */; };
		23AC3E6119622CFB00052102 /* RSSFeed.m in Sources */ = {isa = PBXBuildFile; fileRef = 23AC3E6019622CFB00052102 /* RSSFeed.m */; };
		23AC736B1946AB5500FC87AB /* touch_gesture_double_tap-512.png in Resources */ = {isa = PBXBuildFile; fileRef = 23AC736A1946AB5500FC87AB /* touch_gesture_double_tap-512.png */; };
		23AC736D1946B6E300FC87AB /* CoreLocation.framework in Frameworks */ = {isa = PBXBuildFile; fileRef = 23AC736C1946B6E300FC87AB /* CoreLocation.framework */; };
		23ADF4FE194CC28300D0BC5E /* QuartzCore.framework in Frameworks */ = {isa = PBXBuildFile; fileRef = 23ADF4FD194CC28300D0BC5E /* QuartzCore.framework */; };
		23ADF504194E214000D0BC5E /* Backward200x200.png in Resources */ = {isa = PBXBuildFile; fileRef = 23ADF500194E214000D0BC5E /* Backward200x200.png */; };
		23ADF505194E214000D0BC5E /* Forward200x200.png in Resources */ = {isa = PBXBuildFile; fileRef = 23ADF501194E214000D0BC5E /* Forward200x200.png */; };
		23ADF506194E214000D0BC5E /* Pause200x200.png in Resources */ = {isa = PBXBuildFile; fileRef = 23ADF502194E214000D0BC5E /* Pause200x200.png */; };
		23ADF507194E214000D0BC5E /* Stop200x200.png in Resources */ = {isa = PBXBuildFile; fileRef = 23ADF503194E214000D0BC5E /* Stop200x200.png */; };
		23B2F02D193FF62200D722AE /* XMLReader.m in Sources */ = {isa = PBXBuildFile; fileRef = 23B2F02C193FF62200D722AE /* XMLReader.m */; };
		23C2DC94195109D000850CA1 /* loginViewController.m in Sources */ = {isa = PBXBuildFile; fileRef = 23C2DC93195109D000850CA1 /* loginViewController.m */; };
		23C2DC9819510A4A00850CA1 /* CFNetwork.framework in Frameworks */ = {isa = PBXBuildFile; fileRef = 23C2DC9719510A4A00850CA1 /* CFNetwork.framework */; };
		23C2DC9A19510A6600850CA1 /* libz.dylib in Frameworks */ = {isa = PBXBuildFile; fileRef = 23C2DC9919510A6600850CA1 /* libz.dylib */; };
		23C2DC9C19510A7000850CA1 /* MobileCoreServices.framework in Frameworks */ = {isa = PBXBuildFile; fileRef = 23C2DC9B19510A7000850CA1 /* MobileCoreServices.framework */; };
		23C2DC9E19510A8100850CA1 /* Security.framework in Frameworks */ = {isa = PBXBuildFile; fileRef = 23C2DC9D19510A8100850CA1 /* Security.framework */; };
		23C2DCA019510A8D00850CA1 /* StoreKit.framework in Frameworks */ = {isa = PBXBuildFile; fileRef = 23C2DC9F19510A8D00850CA1 /* StoreKit.framework */; };
		23C2DCA219510AB700850CA1 /* SystemConfiguration.framework in Frameworks */ = {isa = PBXBuildFile; fileRef = 23C2DCA119510AB700850CA1 /* SystemConfiguration.framework */; };
		23C2DCA519510F4D00850CA1 /* SignUpViewController.m in Sources */ = {isa = PBXBuildFile; fileRef = 23C2DCA419510F4D00850CA1 /* SignUpViewController.m */; };
		23C2DCA81951156E00850CA1 /* selectionViewController.m in Sources */ = {isa = PBXBuildFile; fileRef = 23C2DCA71951156E00850CA1 /* selectionViewController.m */; };
		23C2DCAB195119B700850CA1 /* openViewController.m in Sources */ = {isa = PBXBuildFile; fileRef = 23C2DCAA195119B700850CA1 /* openViewController.m */; };
		23C2DD4B1954DA9700C3B5E7 /* Parse.framework in Frameworks */ = {isa = PBXBuildFile; fileRef = 23C2DD4A1954DA9700C3B5E7 /* Parse.framework */; };
		23C2DD641957546500C3B5E7 /* angry_birds_cake.jpg in Resources */ = {isa = PBXBuildFile; fileRef = 23C2DD531957546400C3B5E7 /* angry_birds_cake.jpg */; };
		23C2DD651957546500C3B5E7 /* creme_brelee.jpg in Resources */ = {isa = PBXBuildFile; fileRef = 23C2DD541957546400C3B5E7 /* creme_brelee.jpg */; };
		23C2DD661957546500C3B5E7 /* egg_benedict.jpg in Resources */ = {isa = PBXBuildFile; fileRef = 23C2DD551957546400C3B5E7 /* egg_benedict.jpg */; };
		23C2DD671957546500C3B5E7 /* full_breakfast.jpg in Resources */ = {isa = PBXBuildFile; fileRef = 23C2DD561957546400C3B5E7 /* full_breakfast.jpg */; };
		23C2DD681957546500C3B5E7 /* green_tea.jpg in Resources */ = {isa = PBXBuildFile; fileRef = 23C2DD571957546400C3B5E7 /* green_tea.jpg */; };
		23C2DD691957546500C3B5E7 /* ham_and_cheese_panini.jpg in Resources */ = {isa = PBXBuildFile; fileRef = 23C2DD581957546400C3B5E7 /* ham_and_cheese_panini.jpg */; };
		23C2DD6A1957546500C3B5E7 /* ham_and_egg_sandwich.jpg in Resources */ = {isa = PBXBuildFile; fileRef = 23C2DD591957546500C3B5E7 /* ham_and_egg_sandwich.jpg */; };
		23C2DD6B1957546500C3B5E7 /* hamburger.jpg in Resources */ = {isa = PBXBuildFile; fileRef = 23C2DD5A1957546500C3B5E7 /* hamburger.jpg */; };
		23C2DD6C1957546500C3B5E7 /* instant_noodle_with_egg.jpg in Resources */ = {isa = PBXBuildFile; fileRef = 23C2DD5B1957546500C3B5E7 /* instant_noodle_with_egg.jpg */; };
		23C2DD6D1957546500C3B5E7 /* japanese_noodle_with_pork.jpg in Resources */ = {isa = PBXBuildFile; fileRef = 23C2DD5C1957546500C3B5E7 /* japanese_noodle_with_pork.jpg */; };
		23C2DD6E1957546500C3B5E7 /* mushroom_risotto.jpg in Resources */ = {isa = PBXBuildFile; fileRef = 23C2DD5D1957546500C3B5E7 /* mushroom_risotto.jpg */; };
		23C2DD6F1957546500C3B5E7 /* noodle_with_bbq_pork.jpg in Resources */ = {isa = PBXBuildFile; fileRef = 23C2DD5E1957546500C3B5E7 /* noodle_with_bbq_pork.jpg */; };
		23C2DD701957546500C3B5E7 /* photo-frame.png in Resources */ = {isa = PBXBuildFile; fileRef = 23C2DD5F1957546500C3B5E7 /* photo-frame.png */; };
		23C2DD711957546500C3B5E7 /* starbucks_coffee.jpg in Resources */ = {isa = PBXBuildFile; fileRef = 23C2DD601957546500C3B5E7 /* starbucks_coffee.jpg */; };
		23C2DD721957546500C3B5E7 /* thai_shrimp_cake.jpg in Resources */ = {isa = PBXBuildFile; fileRef = 23C2DD611957546500C3B5E7 /* thai_shrimp_cake.jpg */; };
		23C2DD731957546500C3B5E7 /* vegetable_curry.jpg in Resources */ = {isa = PBXBuildFile; fileRef = 23C2DD621957546500C3B5E7 /* vegetable_curry.jpg */; };
		23C2DD741957546500C3B5E7 /* white_chocolate_donut.jpg in Resources */ = {isa = PBXBuildFile; fileRef = 23C2DD631957546500C3B5E7 /* white_chocolate_donut.jpg */; };
		23C2DD77195762C100C3B5E7 /* choiceViewController.m in Sources */ = {isa = PBXBuildFile; fileRef = 23C2DD76195762C100C3B5E7 /* choiceViewController.m */; };
		23C2DD7B195763E100C3B5E7 /* choice2ViewController.m in Sources */ = {isa = PBXBuildFile; fileRef = 23C2DD7A195763E100C3B5E7 /* choice2ViewController.m */; };
		23C2DD7E195784F200C3B5E7 /* initialViewController.m in Sources */ = {isa = PBXBuildFile; fileRef = 23C2DD7D195784F200C3B5E7 /* initialViewController.m */; };
		23C2DD811957BDD400C3B5E7 /* MBProgressHUD.m in Sources */ = {isa = PBXBuildFile; fileRef = 23C2DD801957BDD400C3B5E7 /* MBProgressHUD.m */; };
		23C2DD851958DFAD00C3B5E7 /* iCarousel.m in Sources */ = {isa = PBXBuildFile; fileRef = 23C2DD841958DFAD00C3B5E7 /* iCarousel.m */; };
		23C2DD881958E4F900C3B5E7 /* page.png in Resources */ = {isa = PBXBuildFile; fileRef = 23C2DD871958E4F900C3B5E7 /* page.png */; };
		23C2DD9F195A6CA400C3B5E7 /* NSDate+InternetDateTime.m in Sources */ = {isa = PBXBuildFile; fileRef = 23C2DD9E195A6CA400C3B5E7 /* NSDate+InternetDateTime.m */; };
/* End PBXBuildFile section */

/* Begin PBXContainerItemProxy section */
		23571765193D7BB000C890B2 /* PBXContainerItemProxy */ = {
			isa = PBXContainerItemProxy;
			containerPortal = 23571737193D7BB000C890B2 /* Project object */;
			proxyType = 1;
			remoteGlobalIDString = 2357173E193D7BB000C890B2;
			remoteInfo = RecipeApp;
		};
/* End PBXContainerItemProxy section */

/* Begin PBXFileReference section */
		2357173F193D7BB000C890B2 /* RecipeApp.app */ = {isa = PBXFileReference; explicitFileType = wrapper.application; includeInIndex = 0; path = RecipeApp.app; sourceTree = BUILT_PRODUCTS_DIR; };
		23571742193D7BB000C890B2 /* Foundation.framework */ = {isa = PBXFileReference; lastKnownFileType = wrapper.framework; name = Foundation.framework; path = System/Library/Frameworks/Foundation.framework; sourceTree = SDKROOT; };
		23571744193D7BB000C890B2 /* CoreGraphics.framework */ = {isa = PBXFileReference; lastKnownFileType = wrapper.framework; name = CoreGraphics.framework; path = System/Library/Frameworks/CoreGraphics.framework; sourceTree = SDKROOT; };
		23571746193D7BB000C890B2 /* UIKit.framework */ = {isa = PBXFileReference; lastKnownFileType = wrapper.framework; name = UIKit.framework; path = System/Library/Frameworks/UIKit.framework; sourceTree = SDKROOT; };
		2357174A193D7BB000C890B2 /* RecipeApp-Info.plist */ = {isa = PBXFileReference; lastKnownFileType = text.plist.xml; path = "RecipeApp-Info.plist"; sourceTree = "<group>"; };
		2357174C193D7BB000C890B2 /* en */ = {isa = PBXFileReference; lastKnownFileType = text.plist.strings; name = en; path = en.lproj/InfoPlist.strings; sourceTree = "<group>"; };
		2357174E193D7BB000C890B2 /* main.m */ = {isa = PBXFileReference; lastKnownFileType = sourcecode.c.objc; path = main.m; sourceTree = "<group>"; };
		23571750193D7BB000C890B2 /* RecipeApp-Prefix.pch */ = {isa = PBXFileReference; lastKnownFileType = sourcecode.c.h; path = "RecipeApp-Prefix.pch"; sourceTree = "<group>"; };
		23571751193D7BB000C890B2 /* AppDelegate.h */ = {isa = PBXFileReference; lastKnownFileType = sourcecode.c.h; path = AppDelegate.h; sourceTree = "<group>"; };
		23571752193D7BB000C890B2 /* AppDelegate.m */ = {isa = PBXFileReference; lastKnownFileType = sourcecode.c.objc; path = AppDelegate.m; sourceTree = "<group>"; };
		23571755193D7BB000C890B2 /* Base */ = {isa = PBXFileReference; lastKnownFileType = file.storyboard; name = Base; path = Base.lproj/Main.storyboard; sourceTree = "<group>"; };
		2357175A193D7BB000C890B2 /* Images.xcassets */ = {isa = PBXFileReference; lastKnownFileType = folder.assetcatalog; path = Images.xcassets; sourceTree = "<group>"; };
		23571760193D7BB000C890B2 /* RecipeAppTests.xctest */ = {isa = PBXFileReference; explicitFileType = wrapper.cfbundle; includeInIndex = 0; path = RecipeAppTests.xctest; sourceTree = BUILT_PRODUCTS_DIR; };
		23571761193D7BB000C890B2 /* XCTest.framework */ = {isa = PBXFileReference; lastKnownFileType = wrapper.framework; name = XCTest.framework; path = Library/Frameworks/XCTest.framework; sourceTree = DEVELOPER_DIR; };
		23571769193D7BB000C890B2 /* RecipeAppTests-Info.plist */ = {isa = PBXFileReference; lastKnownFileType = text.plist.xml; path = "RecipeAppTests-Info.plist"; sourceTree = "<group>"; };
		2357176B193D7BB000C890B2 /* en */ = {isa = PBXFileReference; lastKnownFileType = text.plist.strings; name = en; path = en.lproj/InfoPlist.strings; sourceTree = "<group>"; };
		2357176D193D7BB000C890B2 /* RecipeAppTests.m */ = {isa = PBXFileReference; lastKnownFileType = sourcecode.c.objc; path = RecipeAppTests.m; sourceTree = "<group>"; };
		23571777193D7D2D00C890B2 /* AVFoundation.framework */ = {isa = PBXFileReference; lastKnownFileType = wrapper.framework; name = AVFoundation.framework; path = System/Library/Frameworks/AVFoundation.framework; sourceTree = SDKROOT; };
		2357177B193D7ECF00C890B2 /* homeViewController.h */ = {isa = PBXFileReference; fileEncoding = 4; lastKnownFileType = sourcecode.c.h; path = homeViewController.h; sourceTree = "<group>"; };
		2357177C193D7ECF00C890B2 /* homeViewController.m */ = {isa = PBXFileReference; fileEncoding = 4; lastKnownFileType = sourcecode.c.objc; path = homeViewController.m; sourceTree = "<group>"; };
		2357177F193EA1D100C890B2 /* AcousticModelEnglish.bundle */ = {isa = PBXFileReference; lastKnownFileType = "wrapper.plug-in"; path = AcousticModelEnglish.bundle; sourceTree = "<group>"; };
		23571780193EA1D100C890B2 /* AcousticModelSpanish.bundle */ = {isa = PBXFileReference; lastKnownFileType = "wrapper.plug-in"; path = AcousticModelSpanish.bundle; sourceTree = "<group>"; };
		23571781193EA1D100C890B2 /* OpenEars.framework */ = {isa = PBXFileReference; lastKnownFileType = wrapper.framework; path = OpenEars.framework; sourceTree = "<group>"; };
		23571782193EA1D100C890B2 /* Slt.framework */ = {isa = PBXFileReference; lastKnownFileType = wrapper.framework; path = Slt.framework; sourceTree = "<group>"; };
		23571787193EA1E200C890B2 /* AudioToolbox.framework */ = {isa = PBXFileReference; lastKnownFileType = wrapper.framework; name = AudioToolbox.framework; path = System/Library/Frameworks/AudioToolbox.framework; sourceTree = SDKROOT; };
		23A8ED4919625A2200FCB3F8 /* TutoViewController.h */ = {isa = PBXFileReference; fileEncoding = 4; lastKnownFileType = sourcecode.c.h; path = TutoViewController.h; sourceTree = "<group>"; };
		23A8ED4A19625A2200FCB3F8 /* TutoViewController.m */ = {isa = PBXFileReference; fileEncoding = 4; lastKnownFileType = sourcecode.c.objc; path = TutoViewController.m; sourceTree = "<group>"; };
		23A8ED4C19625A4D00FCB3F8 /* PageContentViewController.h */ = {isa = PBXFileReference; fileEncoding = 4; lastKnownFileType = sourcecode.c.h; path = PageContentViewController.h; sourceTree = "<group>"; };
		23A8ED4D19625A4D00FCB3F8 /* PageContentViewController.m */ = {isa = PBXFileReference; fileEncoding = 4; lastKnownFileType = sourcecode.c.objc; path = PageContentViewController.m; sourceTree = "<group>"; };
		23A8ED4F19625BC000FCB3F8 /* P1@2x.png */ = {isa = PBXFileReference; lastKnownFileType = image.png; path = "P1@2x.png"; sourceTree = "<group>"; };
		23A8ED5019625BC000FCB3F8 /* P2@2x.png */ = {isa = PBXFileReference; lastKnownFileType = image.png; path = "P2@2x.png"; sourceTree = "<group>"; };
		23A8ED5119625BC000FCB3F8 /* P3@2x.png */ = {isa = PBXFileReference; lastKnownFileType = image.png; path = "P3@2x.png"; sourceTree = "<group>"; };
		23A96D8F1949179600309369 /* MediaPlayer.framework */ = {isa = PBXFileReference; lastKnownFileType = wrapper.framework; name = MediaPlayer.framework; path = System/Library/Frameworks/MediaPlayer.framework; sourceTree = SDKROOT; };
		23A96D91194951D300309369 /* rss.png */ = {isa = PBXFileReference; lastKnownFileType = image.png; name = rss.png; path = RecipeApp/rss.png; sourceTree = "<group>"; };
		23AC3E5F19622CFB00052102 /* RSSFeed.h */ = {isa = PBXFileReference; fileEncoding = 4; lastKnownFileType = sourcecode.c.h; path = RSSFeed.h; sourceTree = "<group>"; };
		23AC3E6019622CFB00052102 /* RSSFeed.m */ = {isa = PBXFileReference; fileEncoding = 4; lastKnownFileType = sourcecode.c.objc; path = RSSFeed.m; sourceTree = "<group>"; };
		23AC736A1946AB5500FC87AB /* touch_gesture_double_tap-512.png */ = {isa = PBXFileReference; lastKnownFileType = image.png; name = "touch_gesture_double_tap-512.png"; path = "RecipeApp/touch_gesture_double_tap-512.png"; sourceTree = "<group>"; };
		23AC736C1946B6E300FC87AB /* CoreLocation.framework */ = {isa = PBXFileReference; lastKnownFileType = wrapper.framework; name = CoreLocation.framework; path = System/Library/Frameworks/CoreLocation.framework; sourceTree = SDKROOT; };
		23ADF4FD194CC28300D0BC5E /* QuartzCore.framework */ = {isa = PBXFileReference; lastKnownFileType = wrapper.framework; name = QuartzCore.framework; path = System/Library/Frameworks/QuartzCore.framework; sourceTree = SDKROOT; };
		23ADF500194E214000D0BC5E /* Backward200x200.png */ = {isa = PBXFileReference; lastKnownFileType = image.png; path = Backward200x200.png; sourceTree = "<group>"; };
		23ADF501194E214000D0BC5E /* Forward200x200.png */ = {isa = PBXFileReference; lastKnownFileType = image.png; path = Forward200x200.png; sourceTree = "<group>"; };
		23ADF502194E214000D0BC5E /* Pause200x200.png */ = {isa = PBXFileReference; lastKnownFileType = image.png; path = Pause200x200.png; sourceTree = "<group>"; };
		23ADF503194E214000D0BC5E /* Stop200x200.png */ = {isa = PBXFileReference; lastKnownFileType = image.png; path = Stop200x200.png; sourceTree = "<group>"; };
		23B2F02B193FF62200D722AE /* XMLReader.h */ = {isa = PBXFileReference; fileEncoding = 4; lastKnownFileType = sourcecode.c.h; path = XMLReader.h; sourceTree = "<group>"; };
		23B2F02C193FF62200D722AE /* XMLReader.m */ = {isa = PBXFileReference; fileEncoding = 4; lastKnownFileType = sourcecode.c.objc; path = XMLReader.m; sourceTree = "<group>"; };
		23C2DC92195109D000850CA1 /* loginViewController.h */ = {isa = PBXFileReference; fileEncoding = 4; lastKnownFileType = sourcecode.c.h; path = loginViewController.h; sourceTree = "<group>"; };
		23C2DC93195109D000850CA1 /* loginViewController.m */ = {isa = PBXFileReference; fileEncoding = 4; lastKnownFileType = sourcecode.c.objc; path = loginViewController.m; sourceTree = "<group>"; };
		23C2DC9719510A4A00850CA1 /* CFNetwork.framework */ = {isa = PBXFileReference; lastKnownFileType = wrapper.framework; name = CFNetwork.framework; path = System/Library/Frameworks/CFNetwork.framework; sourceTree = SDKROOT; };
		23C2DC9919510A6600850CA1 /* libz.dylib */ = {isa = PBXFileReference; lastKnownFileType = "compiled.mach-o.dylib"; name = libz.dylib; path = usr/lib/libz.dylib; sourceTree = SDKROOT; };
		23C2DC9B19510A7000850CA1 /* MobileCoreServices.framework */ = {isa = PBXFileReference; lastKnownFileType = wrapper.framework; name = MobileCoreServices.framework; path = System/Library/Frameworks/MobileCoreServices.framework; sourceTree = SDKROOT; };
		23C2DC9D19510A8100850CA1 /* Security.framework */ = {isa = PBXFileReference; lastKnownFileType = wrapper.framework; name = Security.framework; path = System/Library/Frameworks/Security.framework; sourceTree = SDKROOT; };
		23C2DC9F19510A8D00850CA1 /* StoreKit.framework */ = {isa = PBXFileReference; lastKnownFileType = wrapper.framework; name = StoreKit.framework; path = System/Library/Frameworks/StoreKit.framework; sourceTree = SDKROOT; };
		23C2DCA119510AB700850CA1 /* SystemConfiguration.framework */ = {isa = PBXFileReference; lastKnownFileType = wrapper.framework; name = SystemConfiguration.framework; path = System/Library/Frameworks/SystemConfiguration.framework; sourceTree = SDKROOT; };
		23C2DCA319510F4D00850CA1 /* SignUpViewController.h */ = {isa = PBXFileReference; fileEncoding = 4; lastKnownFileType = sourcecode.c.h; path = SignUpViewController.h; sourceTree = "<group>"; };
		23C2DCA419510F4D00850CA1 /* SignUpViewController.m */ = {isa = PBXFileReference; fileEncoding = 4; lastKnownFileType = sourcecode.c.objc; path = SignUpViewController.m; sourceTree = "<group>"; };
		23C2DCA61951156D00850CA1 /* selectionViewController.h */ = {isa = PBXFileReference; fileEncoding = 4; lastKnownFileType = sourcecode.c.h; name = selectionViewController.h; path = ../selectionViewController.h; sourceTree = "<group>"; };
		23C2DCA71951156E00850CA1 /* selectionViewController.m */ = {isa = PBXFileReference; fileEncoding = 4; lastKnownFileType = sourcecode.c.objc; name = selectionViewController.m; path = ../selectionViewController.m; sourceTree = "<group>"; };
		23C2DCA9195119B700850CA1 /* openViewController.h */ = {isa = PBXFileReference; fileEncoding = 4; lastKnownFileType = sourcecode.c.h; path = openViewController.h; sourceTree = "<group>"; };
		23C2DCAA195119B700850CA1 /* openViewController.m */ = {isa = PBXFileReference; fileEncoding = 4; lastKnownFileType = sourcecode.c.objc; path = openViewController.m; sourceTree = "<group>"; };
		23C2DD4A1954DA9700C3B5E7 /* Parse.framework */ = {isa = PBXFileReference; lastKnownFileType = wrapper.framework; path = Parse.framework; sourceTree = "<group>"; };
		23C2DD531957546400C3B5E7 /* angry_birds_cake.jpg */ = {isa = PBXFileReference; lastKnownFileType = image.jpeg; path = angry_birds_cake.jpg; sourceTree = "<group>"; };
		23C2DD541957546400C3B5E7 /* creme_brelee.jpg */ = {isa = PBXFileReference; lastKnownFileType = image.jpeg; path = creme_brelee.jpg; sourceTree = "<group>"; };
		23C2DD551957546400C3B5E7 /* egg_benedict.jpg */ = {isa = PBXFileReference; lastKnownFileType = image.jpeg; path = egg_benedict.jpg; sourceTree = "<group>"; };
		23C2DD561957546400C3B5E7 /* full_breakfast.jpg */ = {isa = PBXFileReference; lastKnownFileType = image.jpeg; path = full_breakfast.jpg; sourceTree = "<group>"; };
		23C2DD571957546400C3B5E7 /* green_tea.jpg */ = {isa = PBXFileReference; lastKnownFileType = image.jpeg; path = green_tea.jpg; sourceTree = "<group>"; };
		23C2DD581957546400C3B5E7 /* ham_and_cheese_panini.jpg */ = {isa = PBXFileReference; lastKnownFileType = image.jpeg; path = ham_and_cheese_panini.jpg; sourceTree = "<group>"; };
		23C2DD591957546500C3B5E7 /* ham_and_egg_sandwich.jpg */ = {isa = PBXFileReference; lastKnownFileType = image.jpeg; path = ham_and_egg_sandwich.jpg; sourceTree = "<group>"; };
		23C2DD5A1957546500C3B5E7 /* hamburger.jpg */ = {isa = PBXFileReference; lastKnownFileType = image.jpeg; path = hamburger.jpg; sourceTree = "<group>"; };
		23C2DD5B1957546500C3B5E7 /* instant_noodle_with_egg.jpg */ = {isa = PBXFileReference; lastKnownFileType = image.jpeg; path = instant_noodle_with_egg.jpg; sourceTree = "<group>"; };
		23C2DD5C1957546500C3B5E7 /* japanese_noodle_with_pork.jpg */ = {isa = PBXFileReference; lastKnownFileType = image.jpeg; path = japanese_noodle_with_pork.jpg; sourceTree = "<group>"; };
		23C2DD5D1957546500C3B5E7 /* mushroom_risotto.jpg */ = {isa = PBXFileReference; lastKnownFileType = image.jpeg; path = mushroom_risotto.jpg; sourceTree = "<group>"; };
		23C2DD5E1957546500C3B5E7 /* noodle_with_bbq_pork.jpg */ = {isa = PBXFileReference; lastKnownFileType = image.jpeg; path = noodle_with_bbq_pork.jpg; sourceTree = "<group>"; };
		23C2DD5F1957546500C3B5E7 /* photo-frame.png */ = {isa = PBXFileReference; lastKnownFileType = image.png; path = "photo-frame.png"; sourceTree = "<group>"; };
		23C2DD601957546500C3B5E7 /* starbucks_coffee.jpg */ = {isa = PBXFileReference; lastKnownFileType = image.jpeg; path = starbucks_coffee.jpg; sourceTree = "<group>"; };
		23C2DD611957546500C3B5E7 /* thai_shrimp_cake.jpg */ = {isa = PBXFileReference; lastKnownFileType = image.jpeg; path = thai_shrimp_cake.jpg; sourceTree = "<group>"; };
		23C2DD621957546500C3B5E7 /* vegetable_curry.jpg */ = {isa = PBXFileReference; lastKnownFileType = image.jpeg; path = vegetable_curry.jpg; sourceTree = "<group>"; };
		23C2DD631957546500C3B5E7 /* white_chocolate_donut.jpg */ = {isa = PBXFileReference; lastKnownFileType = image.jpeg; path = white_chocolate_donut.jpg; sourceTree = "<group>"; };
		23C2DD75195762C100C3B5E7 /* choiceViewController.h */ = {isa = PBXFileReference; fileEncoding = 4; lastKnownFileType = sourcecode.c.h; path = choiceViewController.h; sourceTree = "<group>"; };
		23C2DD76195762C100C3B5E7 /* choiceViewController.m */ = {isa = PBXFileReference; fileEncoding = 4; lastKnownFileType = sourcecode.c.objc; path = choiceViewController.m; sourceTree = "<group>"; };
		23C2DD79195763E100C3B5E7 /* choice2ViewController.h */ = {isa = PBXFileReference; fileEncoding = 4; lastKnownFileType = sourcecode.c.h; path = choice2ViewController.h; sourceTree = "<group>"; };
		23C2DD7A195763E100C3B5E7 /* choice2ViewController.m */ = {isa = PBXFileReference; fileEncoding = 4; lastKnownFileType = sourcecode.c.objc; path = choice2ViewController.m; sourceTree = "<group>"; };
		23C2DD7C195784F200C3B5E7 /* initialViewController.h */ = {isa = PBXFileReference; fileEncoding = 4; lastKnownFileType = sourcecode.c.h; name = initialViewController.h; path = ../initialViewController.h; sourceTree = "<group>"; };
		23C2DD7D195784F200C3B5E7 /* initialViewController.m */ = {isa = PBXFileReference; fileEncoding = 4; lastKnownFileType = sourcecode.c.objc; name = initialViewController.m; path = ../initialViewController.m; sourceTree = "<group>"; };
		23C2DD7F1957BDD400C3B5E7 /* MBProgressHUD.h */ = {isa = PBXFileReference; fileEncoding = 4; lastKnownFileType = sourcecode.c.h; path = MBProgressHUD.h; sourceTree = "<group>"; };
		23C2DD801957BDD400C3B5E7 /* MBProgressHUD.m */ = {isa = PBXFileReference; fileEncoding = 4; lastKnownFileType = sourcecode.c.objc; path = MBProgressHUD.m; sourceTree = "<group>"; };
		23C2DD831958DFAD00C3B5E7 /* iCarousel.h */ = {isa = PBXFileReference; fileEncoding = 4; lastKnownFileType = sourcecode.c.h; path = iCarousel.h; sourceTree = "<group>"; };
		23C2DD841958DFAD00C3B5E7 /* iCarousel.m */ = {isa = PBXFileReference; fileEncoding = 4; lastKnownFileType = sourcecode.c.objc; path = iCarousel.m; sourceTree = "<group>"; };
		23C2DD871958E4F900C3B5E7 /* page.png */ = {isa = PBXFileReference; lastKnownFileType = image.png; path = page.png; sourceTree = "<group>"; };
		23C2DD9D195A6CA400C3B5E7 /* NSDate+InternetDateTime.h */ = {isa = PBXFileReference; fileEncoding = 4; lastKnownFileType = sourcecode.c.h; path = "NSDate+InternetDateTime.h"; sourceTree = "<group>"; };
		23C2DD9E195A6CA400C3B5E7 /* NSDate+InternetDateTime.m */ = {isa = PBXFileReference; fileEncoding = 4; lastKnownFileType = sourcecode.c.objc; path = "NSDate+InternetDateTime.m"; sourceTree = "<group>"; };
/* End PBXFileReference section */

/* Begin PBXFrameworksBuildPhase section */
		2357173C193D7BB000C890B2 /* Frameworks */ = {
			isa = PBXFrameworksBuildPhase;
			buildActionMask = 2147483647;
			files = (
				23C2DCA219510AB700850CA1 /* SystemConfiguration.framework in Frameworks */,
				23C2DCA019510A8D00850CA1 /* StoreKit.framework in Frameworks */,
				23C2DC9E19510A8100850CA1 /* Security.framework in Frameworks */,
				23C2DC9C19510A7000850CA1 /* MobileCoreServices.framework in Frameworks */,
				23C2DC9A19510A6600850CA1 /* libz.dylib in Frameworks */,
				23C2DC9819510A4A00850CA1 /* CFNetwork.framework in Frameworks */,
				23C2DD4B1954DA9700C3B5E7 /* Parse.framework in Frameworks */,
				23571788193EA1E200C890B2 /* AudioToolbox.framework in Frameworks */,
				23ADF4FE194CC28300D0BC5E /* QuartzCore.framework in Frameworks */,
				23A96D901949179600309369 /* MediaPlayer.framework in Frameworks */,
				23AC736D1946B6E300FC87AB /* CoreLocation.framework in Frameworks */,
				23571786193EA1D100C890B2 /* Slt.framework in Frameworks */,
				23571778193D7D2D00C890B2 /* AVFoundation.framework in Frameworks */,
				23571745193D7BB000C890B2 /* CoreGraphics.framework in Frameworks */,
				23571785193EA1D100C890B2 /* OpenEars.framework in Frameworks */,
				23571747193D7BB000C890B2 /* UIKit.framework in Frameworks */,
				23571743193D7BB000C890B2 /* Foundation.framework in Frameworks */,
			);
			runOnlyForDeploymentPostprocessing = 0;
		};
		2357175D193D7BB000C890B2 /* Frameworks */ = {
			isa = PBXFrameworksBuildPhase;
			buildActionMask = 2147483647;
			files = (
				23571762193D7BB000C890B2 /* XCTest.framework in Frameworks */,
				23571764193D7BB000C890B2 /* UIKit.framework in Frameworks */,
				23571763193D7BB000C890B2 /* Foundation.framework in Frameworks */,
			);
			runOnlyForDeploymentPostprocessing = 0;
		};
/* End PBXFrameworksBuildPhase section */

/* Begin PBXGroup section */
		23571736193D7BB000C890B2 = {
			isa = PBXGroup;
			children = (
				23AC3E5F19622CFB00052102 /* RSSFeed.h */,
				23AC3E6019622CFB00052102 /* RSSFeed.m */,
				23A8ED561962671900FCB3F8 /* Tutorial */,
				23A8ED55196266DD00FCB3F8 /* ProgressHUD */,
				23C2DDA0195A6CC700C3B5E7 /* NSDate+ internetDateTime */,
				23C2DD861958DFB400C3B5E7 /* iCarousel */,
				23C2DD781957638F00C3B5E7 /* SignUp Login */,
				23C2DD521957546400C3B5E7 /* RecipePhotoImagePack */,
				23ADF4FF194E212C00D0BC5E /* images */,
				23AEFF541942550F0007E451 /* XMLREADER */,
				2357177E193EA1D100C890B2 /* Framework */,
				23571748193D7BB000C890B2 /* RecipeApp */,
				23571767193D7BB000C890B2 /* RecipeAppTests */,
				23571741193D7BB000C890B2 /* Frameworks */,
				23571740193D7BB000C890B2 /* Products */,
			);
			sourceTree = "<group>";
		};
		23571740193D7BB000C890B2 /* Products */ = {
			isa = PBXGroup;
			children = (
				2357173F193D7BB000C890B2 /* RecipeApp.app */,
				23571760193D7BB000C890B2 /* RecipeAppTests.xctest */,
			);
			name = Products;
			sourceTree = "<group>";
		};
		23571741193D7BB000C890B2 /* Frameworks */ = {
			isa = PBXGroup;
			children = (
				23C2DD4A1954DA9700C3B5E7 /* Parse.framework */,
				23C2DCA119510AB700850CA1 /* SystemConfiguration.framework */,
				23C2DC9F19510A8D00850CA1 /* StoreKit.framework */,
				23C2DC9D19510A8100850CA1 /* Security.framework */,
				23C2DC9B19510A7000850CA1 /* MobileCoreServices.framework */,
				23C2DC9919510A6600850CA1 /* libz.dylib */,
				23C2DC9719510A4A00850CA1 /* CFNetwork.framework */,
				23ADF4FD194CC28300D0BC5E /* QuartzCore.framework */,
				23A96D8F1949179600309369 /* MediaPlayer.framework */,
				23AC736C1946B6E300FC87AB /* CoreLocation.framework */,
				23571787193EA1E200C890B2 /* AudioToolbox.framework */,
				23571777193D7D2D00C890B2 /* AVFoundation.framework */,
				23571742193D7BB000C890B2 /* Foundation.framework */,
				23571744193D7BB000C890B2 /* CoreGraphics.framework */,
				23571746193D7BB000C890B2 /* UIKit.framework */,
				23571761193D7BB000C890B2 /* XCTest.framework */,
			);
			name = Frameworks;
			sourceTree = "<group>";
		};
		23571748193D7BB000C890B2 /* RecipeApp */ = {
			isa = PBXGroup;
			children = (
				23C2DD7C195784F200C3B5E7 /* initialViewController.h */,
				23C2DD7D195784F200C3B5E7 /* initialViewController.m */,
				23571751193D7BB000C890B2 /* AppDelegate.h */,
				23571752193D7BB000C890B2 /* AppDelegate.m */,
				2357175A193D7BB000C890B2 /* Images.xcassets */,
				23571749193D7BB000C890B2 /* Supporting Files */,
				2357177B193D7ECF00C890B2 /* homeViewController.h */,
				2357177C193D7ECF00C890B2 /* homeViewController.m */,
				23C2DCA61951156D00850CA1 /* selectionViewController.h */,
				23C2DCA71951156E00850CA1 /* selectionViewController.m */,
				23571754193D7BB000C890B2 /* Main.storyboard */,
			);
			path = RecipeApp;
			sourceTree = "<group>";
		};
		23571749193D7BB000C890B2 /* Supporting Files */ = {
			isa = PBXGroup;
			children = (
				2357174A193D7BB000C890B2 /* RecipeApp-Info.plist */,
				2357174B193D7BB000C890B2 /* InfoPlist.strings */,
				2357174E193D7BB000C890B2 /* main.m */,
				23571750193D7BB000C890B2 /* RecipeApp-Prefix.pch */,
			);
			name = "Supporting Files";
			sourceTree = "<group>";
		};
		23571767193D7BB000C890B2 /* RecipeAppTests */ = {
			isa = PBXGroup;
			children = (
				2357176D193D7BB000C890B2 /* RecipeAppTests.m */,
				23571768193D7BB000C890B2 /* Supporting Files */,
			);
			path = RecipeAppTests;
			sourceTree = "<group>";
		};
		23571768193D7BB000C890B2 /* Supporting Files */ = {
			isa = PBXGroup;
			children = (
				23571769193D7BB000C890B2 /* RecipeAppTests-Info.plist */,
				2357176A193D7BB000C890B2 /* InfoPlist.strings */,
			);
			name = "Supporting Files";
			sourceTree = "<group>";
		};
		2357177E193EA1D100C890B2 /* Framework */ = {
			isa = PBXGroup;
			children = (
				2357177F193EA1D100C890B2 /* AcousticModelEnglish.bundle */,
				23571780193EA1D100C890B2 /* AcousticModelSpanish.bundle */,
				23571781193EA1D100C890B2 /* OpenEars.framework */,
				23571782193EA1D100C890B2 /* Slt.framework */,
			);
			path = Framework;
			sourceTree = "<group>";
		};
		23A8ED55196266DD00FCB3F8 /* ProgressHUD */ = {
			isa = PBXGroup;
			children = (
				23C2DD7F1957BDD400C3B5E7 /* MBProgressHUD.h */,
				23C2DD801957BDD400C3B5E7 /* MBProgressHUD.m */,
			);
			name = ProgressHUD;
			path = RecipeApp;
			sourceTree = "<group>";
		};
		23A8ED561962671900FCB3F8 /* Tutorial */ = {
			isa = PBXGroup;
			children = (
				23A8ED4C19625A4D00FCB3F8 /* PageContentViewController.h */,
				23A8ED4D19625A4D00FCB3F8 /* PageContentViewController.m */,
				23A8ED4919625A2200FCB3F8 /* TutoViewController.h */,
				23A8ED4A19625A2200FCB3F8 /* TutoViewController.m */,
			);
			name = Tutorial;
			sourceTree = "<group>";
		};
		23ADF4FF194E212C00D0BC5E /* images */ = {
			isa = PBXGroup;
			children = (
				23A8ED4F19625BC000FCB3F8 /* P1@2x.png */,
				23A8ED5019625BC000FCB3F8 /* P2@2x.png */,
				23A8ED5119625BC000FCB3F8 /* P3@2x.png */,
				23ADF503194E214000D0BC5E /* Stop200x200.png */,
				23C2DD871958E4F900C3B5E7 /* page.png */,
				23AC736A1946AB5500FC87AB /* touch_gesture_double_tap-512.png */,
				23A96D91194951D300309369 /* rss.png */,
				23ADF500194E214000D0BC5E /* Backward200x200.png */,
				23ADF501194E214000D0BC5E /* Forward200x200.png */,
				23ADF502194E214000D0BC5E /* Pause200x200.png */,
			);
			name = images;
			sourceTree = "<group>";
		};
		23AEFF541942550F0007E451 /* XMLREADER */ = {
			isa = PBXGroup;
			children = (
				23B2F02B193FF62200D722AE /* XMLReader.h */,
				23B2F02C193FF62200D722AE /* XMLReader.m */,
			);
			name = XMLREADER;
			sourceTree = "<group>";
		};
		23C2DD521957546400C3B5E7 /* RecipePhotoImagePack */ = {
			isa = PBXGroup;
			children = (
				23C2DD531957546400C3B5E7 /* angry_birds_cake.jpg */,
				23C2DD541957546400C3B5E7 /* creme_brelee.jpg */,
				23C2DD551957546400C3B5E7 /* egg_benedict.jpg */,
				23C2DD561957546400C3B5E7 /* full_breakfast.jpg */,
				23C2DD571957546400C3B5E7 /* green_tea.jpg */,
				23C2DD581957546400C3B5E7 /* ham_and_cheese_panini.jpg */,
				23C2DD591957546500C3B5E7 /* ham_and_egg_sandwich.jpg */,
				23C2DD5A1957546500C3B5E7 /* hamburger.jpg */,
				23C2DD5B1957546500C3B5E7 /* instant_noodle_with_egg.jpg */,
				23C2DD5C1957546500C3B5E7 /* japanese_noodle_with_pork.jpg */,
				23C2DD5D1957546500C3B5E7 /* mushroom_risotto.jpg */,
				23C2DD5E1957546500C3B5E7 /* noodle_with_bbq_pork.jpg */,
				23C2DD5F1957546500C3B5E7 /* photo-frame.png */,
				23C2DD601957546500C3B5E7 /* starbucks_coffee.jpg */,
				23C2DD611957546500C3B5E7 /* thai_shrimp_cake.jpg */,
				23C2DD621957546500C3B5E7 /* vegetable_curry.jpg */,
				23C2DD631957546500C3B5E7 /* white_chocolate_donut.jpg */,
			);
			path = RecipePhotoImagePack;
			sourceTree = "<group>";
		};
		23C2DD781957638F00C3B5E7 /* SignUp Login */ = {
			isa = PBXGroup;
			children = (
				23C2DD79195763E100C3B5E7 /* choice2ViewController.h */,
				23C2DD7A195763E100C3B5E7 /* choice2ViewController.m */,
				23C2DD75195762C100C3B5E7 /* choiceViewController.h */,
				23C2DD76195762C100C3B5E7 /* choiceViewController.m */,
				23C2DC92195109D000850CA1 /* loginViewController.h */,
				23C2DC93195109D000850CA1 /* loginViewController.m */,
				23C2DCA319510F4D00850CA1 /* SignUpViewController.h */,
				23C2DCA419510F4D00850CA1 /* SignUpViewController.m */,
				23C2DCA9195119B700850CA1 /* openViewController.h */,
				23C2DCAA195119B700850CA1 /* openViewController.m */,
			);
			name = "SignUp Login";
			sourceTree = "<group>";
		};
		23C2DD861958DFB400C3B5E7 /* iCarousel */ = {
			isa = PBXGroup;
			children = (
				23C2DD831958DFAD00C3B5E7 /* iCarousel.h */,
				23C2DD841958DFAD00C3B5E7 /* iCarousel.m */,
			);
			name = iCarousel;
			sourceTree = "<group>";
		};
		23C2DDA0195A6CC700C3B5E7 /* NSDate+ internetDateTime */ = {
			isa = PBXGroup;
			children = (
				23C2DD9D195A6CA400C3B5E7 /* NSDate+InternetDateTime.h */,
				23C2DD9E195A6CA400C3B5E7 /* NSDate+InternetDateTime.m */,
			);
			name = "NSDate+ internetDateTime";
			sourceTree = "<group>";
		};
/* End PBXGroup section */

/* Begin PBXNativeTarget section */
		2357173E193D7BB000C890B2 /* RecipeApp */ = {
			isa = PBXNativeTarget;
			buildConfigurationList = 23571771193D7BB000C890B2 /* Build configuration list for PBXNativeTarget "RecipeApp" */;
			buildPhases = (
				2357173B193D7BB000C890B2 /* Sources */,
				2357173C193D7BB000C890B2 /* Frameworks */,
				2357173D193D7BB000C890B2 /* Resources */,
			);
			buildRules = (
			);
			dependencies = (
			);
			name = RecipeApp;
			productName = RecipeApp;
			productReference = 2357173F193D7BB000C890B2 /* RecipeApp.app */;
			productType = "com.apple.product-type.application";
		};
		2357175F193D7BB000C890B2 /* RecipeAppTests */ = {
			isa = PBXNativeTarget;
			buildConfigurationList = 23571774193D7BB000C890B2 /* Build configuration list for PBXNativeTarget "RecipeAppTests" */;
			buildPhases = (
				2357175C193D7BB000C890B2 /* Sources */,
				2357175D193D7BB000C890B2 /* Frameworks */,
				2357175E193D7BB000C890B2 /* Resources */,
			);
			buildRules = (
			);
			dependencies = (
				23571766193D7BB000C890B2 /* PBXTargetDependency */,
			);
			name = RecipeAppTests;
			productName = RecipeAppTests;
			productReference = 23571760193D7BB000C890B2 /* RecipeAppTests.xctest */;
			productType = "com.apple.product-type.bundle.unit-test";
		};
/* End PBXNativeTarget section */

/* Begin PBXProject section */
		23571737193D7BB000C890B2 /* Project object */ = {
			isa = PBXProject;
			attributes = {
				LastUpgradeCheck = 0510;
				ORGANIZATIONNAME = "Emilien Sanchez";
				TargetAttributes = {
					2357173E193D7BB000C890B2 = {
						DevelopmentTeam = Y7CS8WS9ZC;
					};
					2357175F193D7BB000C890B2 = {
						TestTargetID = 2357173E193D7BB000C890B2;
					};
				};
			};
			buildConfigurationList = 2357173A193D7BB000C890B2 /* Build configuration list for PBXProject "RecipeApp" */;
			compatibilityVersion = "Xcode 3.2";
			developmentRegion = English;
			hasScannedForEncodings = 0;
			knownRegions = (
				en,
				Base,
			);
			mainGroup = 23571736193D7BB000C890B2;
			productRefGroup = 23571740193D7BB000C890B2 /* Products */;
			projectDirPath = "";
			projectRoot = "";
			targets = (
				2357173E193D7BB000C890B2 /* RecipeApp */,
				2357175F193D7BB000C890B2 /* RecipeAppTests */,
			);
		};
/* End PBXProject section */

/* Begin PBXResourcesBuildPhase section */
		2357173D193D7BB000C890B2 /* Resources */ = {
			isa = PBXResourcesBuildPhase;
			buildActionMask = 2147483647;
			files = (
				2357175B193D7BB000C890B2 /* Images.xcassets in Resources */,
				23C2DD691957546500C3B5E7 /* ham_and_cheese_panini.jpg in Resources */,
				23ADF506194E214000D0BC5E /* Pause200x200.png in Resources */,
				23C2DD731957546500C3B5E7 /* vegetable_curry.jpg in Resources */,
				23C2DD641957546500C3B5E7 /* angry_birds_cake.jpg in Resources */,
				23ADF504194E214000D0BC5E /* Backward200x200.png in Resources */,
				23C2DD711957546500C3B5E7 /* starbucks_coffee.jpg in Resources */,
				23C2DD881958E4F900C3B5E7 /* page.png in Resources */,
				23571784193EA1D100C890B2 /* AcousticModelSpanish.bundle in Resources */,
				23A8ED5419625BC000FCB3F8 /* P3@2x.png in Resources */,
				23C2DD6D1957546500C3B5E7 /* japanese_noodle_with_pork.jpg in Resources */,
				23C2DD671957546500C3B5E7 /* full_breakfast.jpg in Resources */,
				23C2DD681957546500C3B5E7 /* green_tea.jpg in Resources */,
				23C2DD741957546500C3B5E7 /* white_chocolate_donut.jpg in Resources */,
				23C2DD661957546500C3B5E7 /* egg_benedict.jpg in Resources */,
				23571783193EA1D100C890B2 /* AcousticModelEnglish.bundle in Resources */,
				23C2DD651957546500C3B5E7 /* creme_brelee.jpg in Resources */,
				23A8ED5319625BC000FCB3F8 /* P2@2x.png in Resources */,
				23C2DD701957546500C3B5E7 /* photo-frame.png in Resources */,
				23A96D92194951D300309369 /* rss.png in Resources */,
				23C2DD6C1957546500C3B5E7 /* instant_noodle_with_egg.jpg in Resources */,
				23C2DD721957546500C3B5E7 /* thai_shrimp_cake.jpg in Resources */,
				2357174D193D7BB000C890B2 /* InfoPlist.strings in Resources */,
				23C2DD6A1957546500C3B5E7 /* ham_and_egg_sandwich.jpg in Resources */,
				23C2DD6F1957546500C3B5E7 /* noodle_with_bbq_pork.jpg in Resources */,
				23A8ED5219625BC000FCB3F8 /* P1@2x.png in Resources */,
				23ADF507194E214000D0BC5E /* Stop200x200.png in Resources */,
				23C2DD6B1957546500C3B5E7 /* hamburger.jpg in Resources */,
				23C2DD6E1957546500C3B5E7 /* mushroom_risotto.jpg in Resources */,
				23AC736B1946AB5500FC87AB /* touch_gesture_double_tap-512.png in Resources */,
				23ADF505194E214000D0BC5E /* Forward200x200.png in Resources */,
				23571756193D7BB000C890B2 /* Main.storyboard in Resources */,
			);
			runOnlyForDeploymentPostprocessing = 0;
		};
		2357175E193D7BB000C890B2 /* Resources */ = {
			isa = PBXResourcesBuildPhase;
			buildActionMask = 2147483647;
			files = (
				2357176C193D7BB000C890B2 /* InfoPlist.strings in Resources */,
			);
			runOnlyForDeploymentPostprocessing = 0;
		};
/* End PBXResourcesBuildPhase section */

/* Begin PBXSourcesBuildPhase section */
		2357173B193D7BB000C890B2 /* Sources */ = {
			isa = PBXSourcesBuildPhase;
			buildActionMask = 2147483647;
			files = (
				23C2DCAB195119B700850CA1 /* openViewController.m in Sources */,
				23571753193D7BB000C890B2 /* AppDelegate.m in Sources */,
				23C2DC94195109D000850CA1 /* loginViewController.m in Sources */,
				23C2DCA519510F4D00850CA1 /* SignUpViewController.m in Sources */,
				23C2DD7B195763E100C3B5E7 /* choice2ViewController.m in Sources */,
				23C2DD851958DFAD00C3B5E7 /* iCarousel.m in Sources */,
				2357174F193D7BB000C890B2 /* main.m in Sources */,
				23B2F02D193FF62200D722AE /* XMLReader.m in Sources */,
				23AC3E6119622CFB00052102 /* RSSFeed.m in Sources */,
				23C2DD811957BDD400C3B5E7 /* MBProgressHUD.m in Sources */,
				23A8ED4B19625A2200FCB3F8 /* TutoViewController.m in Sources */,
				2357177D193D7ECF00C890B2 /* homeViewController.m in Sources */,
				23C2DD9F195A6CA400C3B5E7 /* NSDate+InternetDateTime.m in Sources */,
				23C2DD77195762C100C3B5E7 /* choiceViewController.m in Sources */,
				23C2DCA81951156E00850CA1 /* selectionViewController.m in Sources */,
				23A8ED4E19625A4E00FCB3F8 /* PageContentViewController.m in Sources */,
				23C2DD7E195784F200C3B5E7 /* initialViewController.m in Sources */,
			);
			runOnlyForDeploymentPostprocessing = 0;
		};
		2357175C193D7BB000C890B2 /* Sources */ = {
			isa = PBXSourcesBuildPhase;
			buildActionMask = 2147483647;
			files = (
				2357176E193D7BB000C890B2 /* RecipeAppTests.m in Sources */,
			);
			runOnlyForDeploymentPostprocessing = 0;
		};
/* End PBXSourcesBuildPhase section */

/* Begin PBXTargetDependency section */
		23571766193D7BB000C890B2 /* PBXTargetDependency */ = {
			isa = PBXTargetDependency;
			target = 2357173E193D7BB000C890B2 /* RecipeApp */;
			targetProxy = 23571765193D7BB000C890B2 /* PBXContainerItemProxy */;
		};
/* End PBXTargetDependency section */

/* Begin PBXVariantGroup section */
		2357174B193D7BB000C890B2 /* InfoPlist.strings */ = {
			isa = PBXVariantGroup;
			children = (
				2357174C193D7BB000C890B2 /* en */,
			);
			name = InfoPlist.strings;
			sourceTree = "<group>";
		};
		23571754193D7BB000C890B2 /* Main.storyboard */ = {
			isa = PBXVariantGroup;
			children = (
				23571755193D7BB000C890B2 /* Base */,
			);
			name = Main.storyboard;
			sourceTree = "<group>";
		};
		2357176A193D7BB000C890B2 /* InfoPlist.strings */ = {
			isa = PBXVariantGroup;
			children = (
				2357176B193D7BB000C890B2 /* en */,
			);
			name = InfoPlist.strings;
			sourceTree = "<group>";
		};
/* End PBXVariantGroup section */

/* Begin XCBuildConfiguration section */
		2357176F193D7BB000C890B2 /* Debug */ = {
			isa = XCBuildConfiguration;
			buildSettings = {
				ALWAYS_SEARCH_USER_PATHS = NO;
				CLANG_CXX_LANGUAGE_STANDARD = "gnu++0x";
				CLANG_CXX_LIBRARY = "libc++";
				CLANG_ENABLE_MODULES = YES;
				CLANG_ENABLE_OBJC_ARC = YES;
				CLANG_WARN_BOOL_CONVERSION = YES;
				CLANG_WARN_CONSTANT_CONVERSION = YES;
				CLANG_WARN_DIRECT_OBJC_ISA_USAGE = YES_ERROR;
				CLANG_WARN_EMPTY_BODY = YES;
				CLANG_WARN_ENUM_CONVERSION = YES;
				CLANG_WARN_INT_CONVERSION = YES;
				CLANG_WARN_OBJC_ROOT_CLASS = YES_ERROR;
				CLANG_WARN__DUPLICATE_METHOD_MATCH = YES;
				"CODE_SIGN_IDENTITY[sdk=iphoneos*]" = "iPhone Developer";
				COPY_PHASE_STRIP = NO;
				GCC_C_LANGUAGE_STANDARD = gnu99;
				GCC_DYNAMIC_NO_PIC = NO;
				GCC_OPTIMIZATION_LEVEL = 0;
				GCC_PREPROCESSOR_DEFINITIONS = (
					"DEBUG=1",
					"$(inherited)",
				);
				GCC_SYMBOLS_PRIVATE_EXTERN = NO;
				GCC_WARN_64_TO_32_BIT_CONVERSION = YES;
				GCC_WARN_ABOUT_RETURN_TYPE = YES_ERROR;
				GCC_WARN_UNDECLARED_SELECTOR = YES;
				GCC_WARN_UNINITIALIZED_AUTOS = YES_AGGRESSIVE;
				GCC_WARN_UNUSED_FUNCTION = YES;
				GCC_WARN_UNUSED_VARIABLE = YES;
				IPHONEOS_DEPLOYMENT_TARGET = 7.1;
				ONLY_ACTIVE_ARCH = YES;
				SDKROOT = iphoneos;
			};
			name = Debug;
		};
		23571770193D7BB000C890B2 /* Release */ = {
			isa = XCBuildConfiguration;
			buildSettings = {
				ALWAYS_SEARCH_USER_PATHS = NO;
				CLANG_CXX_LANGUAGE_STANDARD = "gnu++0x";
				CLANG_CXX_LIBRARY = "libc++";
				CLANG_ENABLE_MODULES = YES;
				CLANG_ENABLE_OBJC_ARC = YES;
				CLANG_WARN_BOOL_CONVERSION = YES;
				CLANG_WARN_CONSTANT_CONVERSION = YES;
				CLANG_WARN_DIRECT_OBJC_ISA_USAGE = YES_ERROR;
				CLANG_WARN_EMPTY_BODY = YES;
				CLANG_WARN_ENUM_CONVERSION = YES;
				CLANG_WARN_INT_CONVERSION = YES;
				CLANG_WARN_OBJC_ROOT_CLASS = YES_ERROR;
				CLANG_WARN__DUPLICATE_METHOD_MATCH = YES;
				"CODE_SIGN_IDENTITY[sdk=iphoneos*]" = "iPhone Developer";
				COPY_PHASE_STRIP = YES;
				ENABLE_NS_ASSERTIONS = NO;
				GCC_C_LANGUAGE_STANDARD = gnu99;
				GCC_WARN_64_TO_32_BIT_CONVERSION = YES;
				GCC_WARN_ABOUT_RETURN_TYPE = YES_ERROR;
				GCC_WARN_UNDECLARED_SELECTOR = YES;
				GCC_WARN_UNINITIALIZED_AUTOS = YES_AGGRESSIVE;
				GCC_WARN_UNUSED_FUNCTION = YES;
				GCC_WARN_UNUSED_VARIABLE = YES;
				IPHONEOS_DEPLOYMENT_TARGET = 7.1;
				SDKROOT = iphoneos;
				VALIDATE_PRODUCT = YES;
			};
			name = Release;
		};
		23571772193D7BB000C890B2 /* Debug */ = {
			isa = XCBuildConfiguration;
			buildSettings = {
				ASSETCATALOG_COMPILER_APPICON_NAME = AppIcon;
				ASSETCATALOG_COMPILER_LAUNCHIMAGE_NAME = LaunchImage;
				CODE_SIGN_IDENTITY = "iPhone Developer";
				"CODE_SIGN_IDENTITY[sdk=iphoneos*]" = "iPhone Developer";
				FRAMEWORK_SEARCH_PATHS = (
					"$(inherited)",
					"$(PROJECT_DIR)/Framework",
					"$(PROJECT_DIR)",
				);
				GCC_PRECOMPILE_PREFIX_HEADER = YES;
				GCC_PREFIX_HEADER = "RecipeApp/RecipeApp-Prefix.pch";
				INFOPLIST_FILE = "RecipeApp/RecipeApp-Info.plist";
				PRODUCT_NAME = "$(TARGET_NAME)";
				PROVISIONING_PROFILE = "";
				WRAPPER_EXTENSION = app;
			};
			name = Debug;
		};
		23571773193D7BB000C890B2 /* Release */ = {
			isa = XCBuildConfiguration;
			buildSettings = {
				ASSETCATALOG_COMPILER_APPICON_NAME = AppIcon;
				ASSETCATALOG_COMPILER_LAUNCHIMAGE_NAME = LaunchImage;
				CODE_SIGN_IDENTITY = "iPhone Developer";
				"CODE_SIGN_IDENTITY[sdk=iphoneos*]" = "iPhone Developer";
				FRAMEWORK_SEARCH_PATHS = (
					"$(inherited)",
					"$(PROJECT_DIR)/Framework",
					"$(PROJECT_DIR)",
				);
				GCC_PRECOMPILE_PREFIX_HEADER = YES;
				GCC_PREFIX_HEADER = "RecipeApp/RecipeApp-Prefix.pch";
				INFOPLIST_FILE = "RecipeApp/RecipeApp-Info.plist";
				PRODUCT_NAME = "$(TARGET_NAME)";
				PROVISIONING_PROFILE = "";
				WRAPPER_EXTENSION = app;
			};
			name = Release;
		};
		23571775193D7BB000C890B2 /* Debug */ = {
			isa = XCBuildConfiguration;
			buildSettings = {
				BUNDLE_LOADER = "$(BUILT_PRODUCTS_DIR)/RecipeApp.app/RecipeApp";
				FRAMEWORK_SEARCH_PATHS = (
					"$(SDKROOT)/Developer/Library/Frameworks",
					"$(inherited)",
					"$(DEVELOPER_FRAMEWORKS_DIR)",
				);
				GCC_PRECOMPILE_PREFIX_HEADER = YES;
				GCC_PREFIX_HEADER = "RecipeApp/RecipeApp-Prefix.pch";
				GCC_PREPROCESSOR_DEFINITIONS = (
					"DEBUG=1",
					"$(inherited)",
				);
				INFOPLIST_FILE = "RecipeAppTests/RecipeAppTests-Info.plist";
				PRODUCT_NAME = "$(TARGET_NAME)";
				TEST_HOST = "$(BUNDLE_LOADER)";
				WRAPPER_EXTENSION = xctest;
			};
			name = Debug;
		};
		23571776193D7BB000C890B2 /* Release */ = {
			isa = XCBuildConfiguration;
			buildSettings = {
				BUNDLE_LOADER = "$(BUILT_PRODUCTS_DIR)/RecipeApp.app/RecipeApp";
				FRAMEWORK_SEARCH_PATHS = (
					"$(SDKROOT)/Developer/Library/Frameworks",
					"$(inherited)",
					"$(DEVELOPER_FRAMEWORKS_DIR)",
				);
				GCC_PRECOMPILE_PREFIX_HEADER = YES;
				GCC_PREFIX_HEADER = "RecipeApp/RecipeApp-Prefix.pch";
				INFOPLIST_FILE = "RecipeAppTests/RecipeAppTests-Info.plist";
				PRODUCT_NAME = "$(TARGET_NAME)";
				TEST_HOST = "$(BUNDLE_LOADER)";
				WRAPPER_EXTENSION = xctest;
			};
			name = Release;
		};
/* End XCBuildConfiguration section */

/* Begin XCConfigurationList section */
		2357173A193D7BB000C890B2 /* Build configuration list for PBXProject "RecipeApp" */ = {
			isa = XCConfigurationList;
			buildConfigurations = (
				2357176F193D7BB000C890B2 /* Debug */,
				23571770193D7BB000C890B2 /* Release */,
			);
			defaultConfigurationIsVisible = 0;
			defaultConfigurationName = Release;
		};
		23571771193D7BB000C890B2 /* Build configuration list for PBXNativeTarget "RecipeApp" */ = {
			isa = XCConfigurationList;
			buildConfigurations = (
				23571772193D7BB000C890B2 /* Debug */,
				23571773193D7BB000C890B2 /* Release */,
			);
			defaultConfigurationIsVisible = 0;
			defaultConfigurationName = Release;
		};
		23571774193D7BB000C890B2 /* Build configuration list for PBXNativeTarget "RecipeAppTests" */ = {
			isa = XCConfigurationList;
			buildConfigurations = (
				23571775193D7BB000C890B2 /* Debug */,
				23571776193D7BB000C890B2 /* Release */,
			);
			defaultConfigurationIsVisible = 0;
			defaultConfigurationName = Release;
		};
/* End XCConfigurationList section */
	};
	rootObject = 23571737193D7BB000C890B2 /* Project object */;
}
